GEM
  remote: https://rubygems.org/
  specs:
    base64 (0.3.0)
    bigdecimal (4.0.1)
    liquid (5.11.0)
      bigdecimal
      strscan (>= 3.1.1)
    logger (1.7.0)
    minify_html (0.18.1-aarch64-linux)
    minify_html (0.18.1-arm64-darwin)
    minify_html (0.18.1-x86_64-darwin)
    minify_html (0.18.1-x86_64-linux)
    rake (13.3.1)
    rubyzip (3.2.2)
    sqlite3 (2.9.0-aarch64-linux-gnu)
    sqlite3 (2.9.0-aarch64-linux-musl)
    sqlite3 (2.9.0-arm64-darwin)
    sqlite3 (2.9.0-x86_64-darwin)
    sqlite3 (2.9.0-x86_64-linux-gnu)
    sqlite3 (2.9.0-x86_64-linux-musl)
    strscan (3.1.7)
    tqdm (0.4.1)
    wahwah (1.6.7)
    webrick (1.9.2)

PLATFORMS
  aarch64-linux
  aarch64-linux-gnu
  aarch64-linux-musl
  arm64-darwin
  x86_64-darwin
  x86_64-linux-gnu
  x86_64-linux-musl

DEPENDENCIES
  base64
  liquid
  logger
  minify_html
  rake
  rubyzip
  sqlite3
  tqdm
  wahwah
  webrick

BUNDLED WITH
  4.0.7
